
Microsoft Visual Studio Solution File, Format Version 12.00
# Visual Studio Version 16
VisualStudioVersion = 16.0.30717.126
MinimumVisualStudioVersion = 10.0.40219.1
Project("{FAE04EC0-301F-11D3-BF4B-00C04F79EFBC}") = "ProductGrpc", "src\ProductGrpc\ProductGrpc.csproj", "{66262B44-3432-4686-AAEF-0B3A00E212A4}"
EndProject
Project("{9A19103F-16F7-4668-BE54-9A1E7A4F7556}") = "ProductGrpcClient", "src\ProductGrpcClient\ProductGrpcClient.csproj", "{208F8629-3EE1-41EB-8594-3CDD953068CC}"
EndProject
Project("{FAE04EC0-301F-11D3-BF4B-00C04F79EFBC}") = "ProductWorkerService", "src\ProductWorkerService\ProductWorkerService.csproj", "{C9E9BBCD-1406-4B9B-86EC-2117CBACC0C3}"
EndProject
Project("{2150E333-8FDC-42A3-9474-1A3956D46DE8}") = "Product", "Product", "{AC8DCFC0-9F96-4310-AA18-BC68CAA41CB0}"
EndProject
Project("{2150E333-8FDC-42A3-9474-1A3956D46DE8}") = "ShoppingCart", "ShoppingCart", "{4984A248-B439-404B-8A45-75ABDE735AF7}"
EndProject
Project("{FAE04EC0-301F-11D3-BF4B-00C04F79EFBC}") = "ShoppingCartGrpc", "src\ShoppingCart\ShoppingCartGrpc\ShoppingCartGrpc.csproj", "{DB4B6812-754D-4115-8BCA-02A78E835FD2}"
EndProject
Project("{2150E333-8FDC-42A3-9474-1A3956D46DE8}") = "Discount", "Discount", "{37CF7873-FBFF-4092-BAFE-772917DB0F76}"
EndProject
Project("{FAE04EC0-301F-11D3-BF4B-00C04F79EFBC}") = "DiscountGrpc", "src\DiscountGrpc\DiscountGrpc.csproj", "{A496C43A-9CDB-47ED-975D-D3978930594F}"
EndProject
Project("{FAE04EC0-301F-11D3-BF4B-00C04F79EFBC}") = "ShoppingCartWorkerService", "src\ShoppingCartWorkerService\ShoppingCartWorkerService.csproj", "{35C02104-2156-49D0-93E5-FD31E2B4047C}"
EndProject
Project("{2150E333-8FDC-42A3-9474-1A3956D46DE8}") = "Authentication", "Authentication", "{03FF71B5-E125-4E02-8022-E4AC6817F653}"
EndProject
Project("{FAE04EC0-301F-11D3-BF4B-00C04F79EFBC}") = "IdentityServer", "IdentityServer\IdentityServer.csproj", "{B3A0DBAE-C4EA-4B89-84D2-172B339DE588}"
EndProject
Global
	GlobalSection(SolutionConfigurationPlatforms) = preSolution
		Debug|Any CPU = Debug|Any CPU
		Release|Any CPU = Release|Any CPU
	EndGlobalSection
	GlobalSection(ProjectConfigurationPlatforms) = postSolution
		{66262B44-3432-4686-AAEF-0B3A00E212A4}.Debug|Any CPU.ActiveCfg = Debug|Any CPU
		{66262B44-3432-4686-AAEF-0B3A00E212A4}.Debug|Any CPU.Build.0 = Debug|Any CPU
		{66262B44-3432-4686-AAEF-0B3A00E212A4}.Release|Any CPU.ActiveCfg = Release|Any CPU
		{66262B44-3432-4686-AAEF-0B3A00E212A4}.Release|Any CPU.Build.0 = Release|Any CPU
		{208F8629-3EE1-41EB-8594-3CDD953068CC}.Debug|Any CPU.ActiveCfg = Debug|Any CPU
		{208F8629-3EE1-41EB-8594-3CDD953068CC}.Debug|Any CPU.Build.0 = Debug|Any CPU
		{208F8629-3EE1-41EB-8594-3CDD953068CC}.Release|Any CPU.ActiveCfg = Release|Any CPU
		{208F8629-3EE1-41EB-8594-3CDD953068CC}.Release|Any CPU.Build.0 = Release|Any CPU
		{C9E9BBCD-1406-4B9B-86EC-2117CBACC0C3}.Debug|Any CPU.ActiveCfg = Debug|Any CPU
		{C9E9BBCD-1406-4B9B-86EC-2117CBACC0C3}.Debug|Any CPU.Build.0 = Debug|Any CPU
		{C9E9BBCD-1406-4B9B-86EC-2117CBACC0C3}.Release|Any CPU.ActiveCfg = Release|Any CPU
		{C9E9BBCD-1406-4B9B-86EC-2117CBACC0C3}.Release|Any CPU.Build.0 = Release|Any CPU
		{DB4B6812-754D-4115-8BCA-02A78E835FD2}.Debug|Any CPU.ActiveCfg = Debug|Any CPU
		{DB4B6812-754D-4115-8BCA-02A78E835FD2}.Debug|Any CPU.Build.0 = Debug|Any CPU
		{DB4B6812-754D-4115-8BCA-02A78E835FD2}.Release|Any CPU.ActiveCfg = Release|Any CPU
		{DB4B6812-754D-4115-8BCA-02A78E835FD2}.Release|Any CPU.Build.0 = Release|Any CPU
		{A496C43A-9CDB-47ED-975D-D3978930594F}.Debug|Any CPU.ActiveCfg = Debug|Any CPU
		{A496C43A-9CDB-47ED-975D-D3978930594F}.Debug|Any CPU.Build.0 = Debug|Any CPU
		{A496C43A-9CDB-47ED-975D-D3978930594F}.Release|Any CPU.ActiveCfg = Release|Any CPU
		{A496C43A-9CDB-47ED-975D-D3978930594F}.Release|Any CPU.Build.0 = Release|Any CPU
		{35C02104-2156-49D0-93E5-FD31E2B4047C}.Debug|Any CPU.ActiveCfg = Debug|Any CPU
		{35C02104-2156-49D0-93E5-FD31E2B4047C}.Debug|Any CPU.Build.0 = Debug|Any CPU
		{35C02104-2156-49D0-93E5-FD31E2B4047C}.Release|Any CPU.ActiveCfg = Release|Any CPU
		{35C02104-2156-49D0-93E5-FD31E2B4047C}.Release|Any CPU.Build.0 = Release|Any CPU
		{B3A0DBAE-C4EA-4B89-84D2-172B339DE588}.Debug|Any CPU.ActiveCfg = Debug|Any CPU
		{B3A0DBAE-C4EA-4B89-84D2-172B339DE588}.Debug|Any CPU.Build.0 = Debug|Any CPU
		{B3A0DBAE-C4EA-4B89-84D2-172B339DE588}.Release|Any CPU.ActiveCfg = Release|Any CPU
		{B3A0DBAE-C4EA-4B89-84D2-172B339DE588}.Release|Any CPU.Build.0 = Release|Any CPU
	EndGlobalSection
	GlobalSection(SolutionProperties) = preSolution
		HideSolutionNode = FALSE
	EndGlobalSection
	GlobalSection(NestedProjects) = preSolution
		{66262B44-3432-4686-AAEF-0B3A00E212A4} = {AC8DCFC0-9F96-4310-AA18-BC68CAA41CB0}
		{208F8629-3EE1-41EB-8594-3CDD953068CC} = {AC8DCFC0-9F96-4310-AA18-BC68CAA41CB0}
		{C9E9BBCD-1406-4B9B-86EC-2117CBACC0C3} = {AC8DCFC0-9F96-4310-AA18-BC68CAA41CB0}
		{DB4B6812-754D-4115-8BCA-02A78E835FD2} = {4984A248-B439-404B-8A45-75ABDE735AF7}
		{A496C43A-9CDB-47ED-975D-D3978930594F} = {37CF7873-FBFF-4092-BAFE-772917DB0F76}
		{35C02104-2156-49D0-93E5-FD31E2B4047C} = {4984A248-B439-404B-8A45-75ABDE735AF7}
		{B3A0DBAE-C4EA-4B89-84D2-172B339DE588} = {03FF71B5-E125-4E02-8022-E4AC6817F653}
	EndGlobalSection
	GlobalSection(ExtensibilityGlobals) = postSolution
		SolutionGuid = {D4B8B22D-3564-4ECF-996D-260C1DF0FF92}
	EndGlobalSection
EndGlobal
