
Microsoft Visual Studio Solution File, Format Version 12.00
# Visual Studio Version 16
VisualStudioVersion = 16.0.30717.126
MinimumVisualStudioVersion = 10.0.40219.1
Project("{9A19103F-16F7-4668-BE54-9A1E7A4F7556}") = "ProductGrpc", "src\ProductGrpc\ProductGrpc.csproj", "{66262B44-3432-4686-AAEF-0B3A00E212A4}"
EndProject
Global
	GlobalSection(SolutionConfigurationPlatforms) = preSolution
		Debug|Any CPU = Debug|Any CPU
		Release|Any CPU = Release|Any CPU
	EndGlobalSection
	GlobalSection(ProjectConfigurationPlatforms) = postSolution
		{66262B44-3432-4686-AAEF-0B3A00E212A4}.Debug|Any CPU.ActiveCfg = Debug|Any CPU
		{66262B44-3432-4686-AAEF-0B3A00E212A4}.Debug|Any CPU.Build.0 = Debug|Any CPU
		{66262B44-3432-4686-AAEF-0B3A00E212A4}.Release|Any CPU.ActiveCfg = Release|Any CPU
		{66262B44-3432-4686-AAEF-0B3A00E212A4}.Release|Any CPU.Build.0 = Release|Any CPU
	EndGlobalSection
	GlobalSection(SolutionProperties) = preSolution
		HideSolutionNode = FALSE
	EndGlobalSection
	GlobalSection(ExtensibilityGlobals) = postSolution
		SolutionGuid = {D4B8B22D-3564-4ECF-996D-260C1DF0FF92}
	EndGlobalSection
EndGlobal
